
Microsoft Visual Studio Solution File, Format Version 11.00
# Visual Studio 2010
Project("{2150E333-8FDC-42A3-9474-1A3956D46DE8}") = "Source", "Source", "{7781D8C1-5963-4272-A149-E8C434C571CA}"
EndProject
Project("{2150E333-8FDC-42A3-9474-1A3956D46DE8}") = "Tests", "Tests", "{D1D7097C-B3A6-463F-8124-26B5773E9FA0}"
EndProject
Project("{FAE04EC0-301F-11D3-BF4B-00C04F79EFBC}") = "Spy", "Source\Spy\Spy.csproj", "{5EA39761-57E6-410D-9EF4-A43FA45FA8CA}"
EndProject
Project("{FAE04EC0-301F-11D3-BF4B-00C04F79EFBC}") = "Spy.Tests", "Tests\Spy.Tests\Spy.Tests.csproj", "{2F720017-78C8-4D33-9ECE-EDC01E3332D5}"
EndProject
Project("{FAE04EC0-301F-11D3-BF4B-00C04F79EFBC}") = "Spy.Tests.Functional", "Tests\Spy.Tests.Functional\Spy.Tests.Functional.csproj", "{85D035FC-32C7-48D4-AC36-5C09445E5F1B}"
EndProject
Project("{FAE04EC0-301F-11D3-BF4B-00C04F79EFBC}") = "Spy.Tests.ConsoleApp", "Tests\Spy.Tests.ConsoleApp\Spy.Tests.ConsoleApp.csproj", "{D3B5C904-6400-4D8A-8B5C-033627C52042}"
EndProject
Project("{2150E333-8FDC-42A3-9474-1A3956D46DE8}") = "Solution Items", "Solution Items", "{568EDCD0-0005-4671-99C8-7C2C672D7E78}"
	ProjectSection(SolutionItems) = preProject
		LICENSE = LICENSE
		README = README
	EndProjectSection
EndProject
Global
	GlobalSection(SolutionConfigurationPlatforms) = preSolution
		Debug|Any CPU = Debug|Any CPU
		Debug|Mixed Platforms = Debug|Mixed Platforms
		Debug|x86 = Debug|x86
		Release|Any CPU = Release|Any CPU
		Release|Mixed Platforms = Release|Mixed Platforms
		Release|x86 = Release|x86
	EndGlobalSection
	GlobalSection(ProjectConfigurationPlatforms) = postSolution
		{5EA39761-57E6-410D-9EF4-A43FA45FA8CA}.Debug|Any CPU.ActiveCfg = Debug|Any CPU
		{5EA39761-57E6-410D-9EF4-A43FA45FA8CA}.Debug|Any CPU.Build.0 = Debug|Any CPU
		{5EA39761-57E6-410D-9EF4-A43FA45FA8CA}.Debug|Mixed Platforms.ActiveCfg = Debug|Any CPU
		{5EA39761-57E6-410D-9EF4-A43FA45FA8CA}.Debug|Mixed Platforms.Build.0 = Debug|Any CPU
		{5EA39761-57E6-410D-9EF4-A43FA45FA8CA}.Debug|x86.ActiveCfg = Debug|Any CPU
		{5EA39761-57E6-410D-9EF4-A43FA45FA8CA}.Release|Any CPU.ActiveCfg = Release|Any CPU
		{5EA39761-57E6-410D-9EF4-A43FA45FA8CA}.Release|Any CPU.Build.0 = Release|Any CPU
		{5EA39761-57E6-410D-9EF4-A43FA45FA8CA}.Release|Mixed Platforms.ActiveCfg = Release|Any CPU
		{5EA39761-57E6-410D-9EF4-A43FA45FA8CA}.Release|Mixed Platforms.Build.0 = Release|Any CPU
		{5EA39761-57E6-410D-9EF4-A43FA45FA8CA}.Release|x86.ActiveCfg = Release|Any CPU
		{2F720017-78C8-4D33-9ECE-EDC01E3332D5}.Debug|Any CPU.ActiveCfg = Debug|Any CPU
		{2F720017-78C8-4D33-9ECE-EDC01E3332D5}.Debug|Any CPU.Build.0 = Debug|Any CPU
		{2F720017-78C8-4D33-9ECE-EDC01E3332D5}.Debug|Mixed Platforms.ActiveCfg = Debug|Any CPU
		{2F720017-78C8-4D33-9ECE-EDC01E3332D5}.Debug|Mixed Platforms.Build.0 = Debug|Any CPU
		{2F720017-78C8-4D33-9ECE-EDC01E3332D5}.Debug|x86.ActiveCfg = Debug|Any CPU
		{2F720017-78C8-4D33-9ECE-EDC01E3332D5}.Release|Any CPU.ActiveCfg = Release|Any CPU
		{2F720017-78C8-4D33-9ECE-EDC01E3332D5}.Release|Any CPU.Build.0 = Release|Any CPU
		{2F720017-78C8-4D33-9ECE-EDC01E3332D5}.Release|Mixed Platforms.ActiveCfg = Release|Any CPU
		{2F720017-78C8-4D33-9ECE-EDC01E3332D5}.Release|Mixed Platforms.Build.0 = Release|Any CPU
		{2F720017-78C8-4D33-9ECE-EDC01E3332D5}.Release|x86.ActiveCfg = Release|Any CPU
		{85D035FC-32C7-48D4-AC36-5C09445E5F1B}.Debug|Any CPU.ActiveCfg = Debug|Any CPU
		{85D035FC-32C7-48D4-AC36-5C09445E5F1B}.Debug|Any CPU.Build.0 = Debug|Any CPU
		{85D035FC-32C7-48D4-AC36-5C09445E5F1B}.Debug|Mixed Platforms.ActiveCfg = Debug|Any CPU
		{85D035FC-32C7-48D4-AC36-5C09445E5F1B}.Debug|Mixed Platforms.Build.0 = Debug|Any CPU
		{85D035FC-32C7-48D4-AC36-5C09445E5F1B}.Debug|x86.ActiveCfg = Debug|Any CPU
		{85D035FC-32C7-48D4-AC36-5C09445E5F1B}.Release|Any CPU.ActiveCfg = Release|Any CPU
		{85D035FC-32C7-48D4-AC36-5C09445E5F1B}.Release|Any CPU.Build.0 = Release|Any CPU
		{85D035FC-32C7-48D4-AC36-5C09445E5F1B}.Release|Mixed Platforms.ActiveCfg = Release|Any CPU
		{85D035FC-32C7-48D4-AC36-5C09445E5F1B}.Release|Mixed Platforms.Build.0 = Release|Any CPU
		{85D035FC-32C7-48D4-AC36-5C09445E5F1B}.Release|x86.ActiveCfg = Release|Any CPU
		{D3B5C904-6400-4D8A-8B5C-033627C52042}.Debug|Any CPU.ActiveCfg = Debug|x86
		{D3B5C904-6400-4D8A-8B5C-033627C52042}.Debug|Mixed Platforms.ActiveCfg = Debug|x86
		{D3B5C904-6400-4D8A-8B5C-033627C52042}.Debug|Mixed Platforms.Build.0 = Debug|x86
		{D3B5C904-6400-4D8A-8B5C-033627C52042}.Debug|x86.ActiveCfg = Debug|x86
		{D3B5C904-6400-4D8A-8B5C-033627C52042}.Debug|x86.Build.0 = Debug|x86
		{D3B5C904-6400-4D8A-8B5C-033627C52042}.Release|Any CPU.ActiveCfg = Release|x86
		{D3B5C904-6400-4D8A-8B5C-033627C52042}.Release|Mixed Platforms.ActiveCfg = Release|x86
		{D3B5C904-6400-4D8A-8B5C-033627C52042}.Release|Mixed Platforms.Build.0 = Release|x86
		{D3B5C904-6400-4D8A-8B5C-033627C52042}.Release|x86.ActiveCfg = Release|x86
		{D3B5C904-6400-4D8A-8B5C-033627C52042}.Release|x86.Build.0 = Release|x86
	EndGlobalSection
	GlobalSection(SolutionProperties) = preSolution
		HideSolutionNode = FALSE
	EndGlobalSection
	GlobalSection(NestedProjects) = preSolution
		{5EA39761-57E6-410D-9EF4-A43FA45FA8CA} = {7781D8C1-5963-4272-A149-E8C434C571CA}
		{2F720017-78C8-4D33-9ECE-EDC01E3332D5} = {D1D7097C-B3A6-463F-8124-26B5773E9FA0}
		{85D035FC-32C7-48D4-AC36-5C09445E5F1B} = {D1D7097C-B3A6-463F-8124-26B5773E9FA0}
		{D3B5C904-6400-4D8A-8B5C-033627C52042} = {D1D7097C-B3A6-463F-8124-26B5773E9FA0}
	EndGlobalSection
EndGlobal
